
Microsoft Visual Studio Solution File, Format Version 12.00
# Visual Studio Version 17
VisualStudioVersion = 17.8.34316.72
MinimumVisualStudioVersion = 10.0.40219.1
Project("{8BC9CEB8-8B4A-11D0-8D11-00A0C91BC942}") = "Project27", "Project27\Project27.vcxproj", "{A01B97A9-F580-4187-B15B-4D18598F68C8}"
EndProject
Global
	GlobalSection(SolutionConfigurationPlatforms) = preSolution
		Debug|x64 = Debug|x64
		Debug|x86 = Debug|x86
		Release|x64 = Release|x64
		Release|x86 = Release|x86
	EndGlobalSection
	GlobalSection(ProjectConfigurationPlatforms) = postSolution
		{A01B97A9-F580-4187-B15B-4D18598F68C8}.Debug|x64.ActiveCfg = Debug|x64
		{A01B97A9-F580-4187-B15B-4D18598F68C8}.Debug|x64.Build.0 = Debug|x64
		{A01B97A9-F580-4187-B15B-4D18598F68C8}.Debug|x86.ActiveCfg = Debug|Win32
		{A01B97A9-F580-4187-B15B-4D18598F68C8}.Debug|x86.Build.0 = Debug|Win32
		{A01B97A9-F580-4187-B15B-4D18598F68C8}.Release|x64.ActiveCfg = Release|x64
		{A01B97A9-F580-4187-B15B-4D18598F68C8}.Release|x64.Build.0 = Release|x64
		{A01B97A9-F580-4187-B15B-4D18598F68C8}.Release|x86.ActiveCfg = Release|Win32
		{A01B97A9-F580-4187-B15B-4D18598F68C8}.Release|x86.Build.0 = Release|Win32
	EndGlobalSection
	GlobalSection(SolutionProperties) = preSolution
		HideSolutionNode = FALSE
	EndGlobalSection
	GlobalSection(ExtensibilityGlobals) = postSolution
		SolutionGuid = {91DB521E-6073-4A92-BA16-13085373C25E}
	EndGlobalSection
EndGlobal
